
Microsoft Visual Studio Solution File, Format Version 12.00
# Visual Studio Version 17
VisualStudioVersion = 17.7.34009.444
MinimumVisualStudioVersion = 10.0.40219.1
Project("{FAE04EC0-301F-11D3-BF4B-00C04F79EFBC}") = "NetFramework35", "NetFramework35.csproj", "{6084F388-ED63-44E5-AE8B-316E4EB50E25}"
EndProject
Global
	GlobalSection(SolutionConfigurationPlatforms) = preSolution
		Debug|Any CPU = Debug|Any CPU
		Release|Any CPU = Release|Any CPU
	EndGlobalSection
	GlobalSection(ProjectConfigurationPlatforms) = postSolution
		{6084F388-ED63-44E5-AE8B-316E4EB50E25}.Debug|Any CPU.ActiveCfg = Debug|Any CPU
		{6084F388-ED63-44E5-AE8B-316E4EB50E25}.Debug|Any CPU.Build.0 = Debug|Any CPU
		{6084F388-ED63-44E5-AE8B-316E4EB50E25}.Release|Any CPU.ActiveCfg = Release|Any CPU
		{6084F388-ED63-44E5-AE8B-316E4EB50E25}.Release|Any CPU.Build.0 = Release|Any CPU
	EndGlobalSection
	GlobalSection(SolutionProperties) = preSolution
		HideSolutionNode = FALSE
	EndGlobalSection
	GlobalSection(ExtensibilityGlobals) = postSolution
		SolutionGuid = {17871D5F-707C-48C6-ABED-22AEF87712E7}
	EndGlobalSection
EndGlobal
